
Microsoft Visual Studio Solution File, Format Version 12.00
# Visual Studio Version 17
VisualStudioVersion = 17.5.33516.290
MinimumVisualStudioVersion = 10.0.40219.1
Project("{FAE04EC0-301F-11D3-BF4B-00C04F79EFBC}") = "Robot", "Robot.csproj", "{16ED1C0E-904B-4A8B-A546-D2888034C25F}"
EndProject
Global
	GlobalSection(SolutionConfigurationPlatforms) = preSolution
		Debug|Any CPU = Debug|Any CPU
		Release|Any CPU = Release|Any CPU
	EndGlobalSection
	GlobalSection(ProjectConfigurationPlatforms) = postSolution
		{16ED1C0E-904B-4A8B-A546-D2888034C25F}.Debug|Any CPU.ActiveCfg = Debug|Any CPU
		{16ED1C0E-904B-4A8B-A546-D2888034C25F}.Debug|Any CPU.Build.0 = Debug|Any CPU
		{16ED1C0E-904B-4A8B-A546-D2888034C25F}.Release|Any CPU.ActiveCfg = Release|Any CPU
		{16ED1C0E-904B-4A8B-A546-D2888034C25F}.Release|Any CPU.Build.0 = Release|Any CPU
	EndGlobalSection
	GlobalSection(SolutionProperties) = preSolution
		HideSolutionNode = FALSE
	EndGlobalSection
	GlobalSection(ExtensibilityGlobals) = postSolution
		SolutionGuid = {BDA28C5F-0C8F-486E-BDE1-CA55C8861138}
	EndGlobalSection
EndGlobal
